{
  "name": "stockflow",
  "version": "0.1.0",
  "lockfileVersion": 3,
  "requires": true,
  "packages": {
    "": {
      "name": "stockflow",
      "version": "0.1.0",
      "workspaces": [
        "apps/*"
      ],
      "engines": {
        "node": ">=22.0.0",
        "npm": ">=10.0.0"
      }
    }
  }
}
